
Microsoft Visual Studio Solution File, Format Version 12.00
# Visual Studio Version 17
VisualStudioVersion = 17.5.002.0
MinimumVisualStudioVersion = 10.0.40219.1
Project("{9A19103F-16F7-4668-BE54-9A1E7A4F7556}") = "Quiz", "Quiz.csproj", "{FB2C5325-9A2B-4A42-919B-5A67C32F0ABC}"
EndProject
Global
	GlobalSection(SolutionConfigurationPlatforms) = preSolution
		Debug|Any CPU = Debug|Any CPU
		Release|Any CPU = Release|Any CPU
	EndGlobalSection
	GlobalSection(ProjectConfigurationPlatforms) = postSolution
		{FB2C5325-9A2B-4A42-919B-5A67C32F0ABC}.Debug|Any CPU.ActiveCfg = Debug|Any CPU
		{FB2C5325-9A2B-4A42-919B-5A67C32F0ABC}.Debug|Any CPU.Build.0 = Debug|Any CPU
		{FB2C5325-9A2B-4A42-919B-5A67C32F0ABC}.Release|Any CPU.ActiveCfg = Release|Any CPU
		{FB2C5325-9A2B-4A42-919B-5A67C32F0ABC}.Release|Any CPU.Build.0 = Release|Any CPU
	EndGlobalSection
	GlobalSection(SolutionProperties) = preSolution
		HideSolutionNode = FALSE
	EndGlobalSection
	GlobalSection(ExtensibilityGlobals) = postSolution
		SolutionGuid = {2703FD09-4B69-4668-8F2C-9023D2200EEA}
	EndGlobalSection
EndGlobal
